
Microsoft Visual Studio Solution File, Format Version 12.00
# Visual Studio Version 17
VisualStudioVersion = 17.13.35825.156
MinimumVisualStudioVersion = 10.0.40219.1
Project("{FAE04EC0-301F-11D3-BF4B-00C04F79EFBC}") = "IUAdmin", "IUAdmin\IUAdmin.csproj", "{EB9127BC-B9C7-4DF4-9A65-809976BDF9F1}"
EndProject
Project("{FAE04EC0-301F-11D3-BF4B-00C04F79EFBC}") = "IUCliente", "IUCliente\IUCliente.csproj", "{791B5029-5A90-4A71-9FFF-1D814ED2CDA0}"
EndProject
Project("{FAE04EC0-301F-11D3-BF4B-00C04F79EFBC}") = "DAL", "DAL\DAL.csproj", "{0CE34541-A1F7-47DF-81DE-9939C5327EDE}"
EndProject
Project("{FAE04EC0-301F-11D3-BF4B-00C04F79EFBC}") = "BE", "BE\BE.csproj", "{CE1B3135-7E2E-4FBD-AC63-BD038185FC75}"
EndProject
Project("{FAE04EC0-301F-11D3-BF4B-00C04F79EFBC}") = "BLL", "BLL\BLL.csproj", "{C723E111-0854-417A-A780-278979ABE9C7}"
EndProject
Global
	GlobalSection(SolutionConfigurationPlatforms) = preSolution
		Debug|Any CPU = Debug|Any CPU
		Release|Any CPU = Release|Any CPU
	EndGlobalSection
	GlobalSection(ProjectConfigurationPlatforms) = postSolution
		{EB9127BC-B9C7-4DF4-9A65-809976BDF9F1}.Debug|Any CPU.ActiveCfg = Debug|Any CPU
		{EB9127BC-B9C7-4DF4-9A65-809976BDF9F1}.Debug|Any CPU.Build.0 = Debug|Any CPU
		{EB9127BC-B9C7-4DF4-9A65-809976BDF9F1}.Release|Any CPU.ActiveCfg = Release|Any CPU
		{EB9127BC-B9C7-4DF4-9A65-809976BDF9F1}.Release|Any CPU.Build.0 = Release|Any CPU
		{791B5029-5A90-4A71-9FFF-1D814ED2CDA0}.Debug|Any CPU.ActiveCfg = Debug|Any CPU
		{791B5029-5A90-4A71-9FFF-1D814ED2CDA0}.Debug|Any CPU.Build.0 = Debug|Any CPU
		{791B5029-5A90-4A71-9FFF-1D814ED2CDA0}.Release|Any CPU.ActiveCfg = Release|Any CPU
		{791B5029-5A90-4A71-9FFF-1D814ED2CDA0}.Release|Any CPU.Build.0 = Release|Any CPU
		{0CE34541-A1F7-47DF-81DE-9939C5327EDE}.Debug|Any CPU.ActiveCfg = Debug|Any CPU
		{0CE34541-A1F7-47DF-81DE-9939C5327EDE}.Debug|Any CPU.Build.0 = Debug|Any CPU
		{0CE34541-A1F7-47DF-81DE-9939C5327EDE}.Release|Any CPU.ActiveCfg = Release|Any CPU
		{0CE34541-A1F7-47DF-81DE-9939C5327EDE}.Release|Any CPU.Build.0 = Release|Any CPU
		{CE1B3135-7E2E-4FBD-AC63-BD038185FC75}.Debug|Any CPU.ActiveCfg = Debug|Any CPU
		{CE1B3135-7E2E-4FBD-AC63-BD038185FC75}.Debug|Any CPU.Build.0 = Debug|Any CPU
		{CE1B3135-7E2E-4FBD-AC63-BD038185FC75}.Release|Any CPU.ActiveCfg = Release|Any CPU
		{CE1B3135-7E2E-4FBD-AC63-BD038185FC75}.Release|Any CPU.Build.0 = Release|Any CPU
		{C723E111-0854-417A-A780-278979ABE9C7}.Debug|Any CPU.ActiveCfg = Debug|Any CPU
		{C723E111-0854-417A-A780-278979ABE9C7}.Debug|Any CPU.Build.0 = Debug|Any CPU
		{C723E111-0854-417A-A780-278979ABE9C7}.Release|Any CPU.ActiveCfg = Release|Any CPU
		{C723E111-0854-417A-A780-278979ABE9C7}.Release|Any CPU.Build.0 = Release|Any CPU
	EndGlobalSection
	GlobalSection(SolutionProperties) = preSolution
		HideSolutionNode = FALSE
	EndGlobalSection
	GlobalSection(ExtensibilityGlobals) = postSolution
		SolutionGuid = {0C998A45-39D7-4F19-BA8C-7C203FB906CB}
	EndGlobalSection
EndGlobal
